
Microsoft Visual Studio Solution File, Format Version 12.00
# Visual Studio 15
VisualStudioVersion = 15.0.28307.438
MinimumVisualStudioVersion = 10.0.40219.1
Project("{9A19103F-16F7-4668-BE54-9A1E7A4F7556}") = "DatingApp.Api", "DatingApp.Api.csproj", "{BCB83DCA-A73A-464F-AFBD-EA52B06357DC}"
EndProject
Global
	GlobalSection(SolutionConfigurationPlatforms) = preSolution
		Debug|Any CPU = Debug|Any CPU
		Release|Any CPU = Release|Any CPU
	EndGlobalSection
	GlobalSection(ProjectConfigurationPlatforms) = postSolution
		{BCB83DCA-A73A-464F-AFBD-EA52B06357DC}.Debug|Any CPU.ActiveCfg = Debug|Any CPU
		{BCB83DCA-A73A-464F-AFBD-EA52B06357DC}.Debug|Any CPU.Build.0 = Debug|Any CPU
		{BCB83DCA-A73A-464F-AFBD-EA52B06357DC}.Release|Any CPU.ActiveCfg = Release|Any CPU
		{BCB83DCA-A73A-464F-AFBD-EA52B06357DC}.Release|Any CPU.Build.0 = Release|Any CPU
	EndGlobalSection
	GlobalSection(SolutionProperties) = preSolution
		HideSolutionNode = FALSE
	EndGlobalSection
	GlobalSection(ExtensibilityGlobals) = postSolution
		SolutionGuid = {742A61FC-BECB-44F2-BE29-B9E56B4F7AA2}
	EndGlobalSection
EndGlobal
